// !$*UTF8*$!
{
	archiveVersion = 1;
	classes = {
	};
	objectVersion = 50;
	objects = {

/* Begin PBXBuildFile section */
		EA71FCAA2628E45F00AEC5C5 /* AppDelegate.swift in Sources */ = {isa = PBXBuildFile; fileRef = EA71FCA92628E45F00AEC5C5 /* AppDelegate.swift */; };
		EA71FCAE2628E45F00AEC5C5 /* ViewController.swift in Sources */ = {isa = PBXBuildFile; fileRef = EA71FCAD2628E45F00AEC5C5 /* ViewController.swift */; };
		EA71FCB32628E46000AEC5C5 /* Assets.xcassets in Resources */ = {isa = PBXBuildFile; fileRef = EA71FCB22628E46000AEC5C5 /* Assets.xcassets */; };
		EA71FCB62628E46000AEC5C5 /* LaunchScreen.storyboard in Resources */ = {isa = PBXBuildFile; fileRef = EA71FCB42628E46000AEC5C5 /* LaunchScreen.storyboard */; };
		EA71FCC12628E46100AEC5C5 /* ShortestRouteTests.swift in Sources */ = {isa = PBXBuildFile; fileRef = EA71FCC02628E46100AEC5C5 /* ShortestRouteTests.swift */; };
		EA71FCCC2628E46100AEC5C5 /* ShortestRouteUITests.swift in Sources */ = {isa = PBXBuildFile; fileRef = EA71FCCB2628E46100AEC5C5 /* ShortestRouteUITests.swift */; };
/* End PBXBuildFile section */

/* Begin PBXContainerItemProxy section */
		EA71FCBD2628E46100AEC5C5 /* PBXContainerItemProxy */ = {
			isa = PBXContainerItemProxy;
			containerPortal = EA71FC9E2628E45F00AEC5C5 /* Project object */;
			proxyType = 1;
			remoteGlobalIDString = EA71FCA52628E45F00AEC5C5;
			remoteInfo = ShortestRoute;
		};
		EA71FCC82628E46100AEC5C5 /* PBXContainerItemProxy */ = {
			isa = PBXContainerItemProxy;
			containerPortal = EA71FC9E2628E45F00AEC5C5 /* Project object */;
			proxyType = 1;
			remoteGlobalIDString = EA71FCA52628E45F00AEC5C5;
			remoteInfo = ShortestRoute;
		};
/* End PBXContainerItemProxy section */

/* Begin PBXFileReference section */
		EA71FCA62628E45F00AEC5C5 /* ShortestRoute.app */ = {isa = PBXFileReference; explicitFileType = wrapper.application; includeInIndex = 0; path = ShortestRoute.app; sourceTree = BUILT_PRODUCTS_DIR; };
		EA71FCA92628E45F00AEC5C5 /* AppDelegate.swift */ = {isa = PBXFileReference; lastKnownFileType = sourcecode.swift; path = AppDelegate.swift; sourceTree = "<group>"; };
		EA71FCAD2628E45F00AEC5C5 /* ViewController.swift */ = {isa = PBXFileReference; lastKnownFileType = sourcecode.swift; path = ViewController.swift; sourceTree = "<group>"; };
		EA71FCB22628E46000AEC5C5 /* Assets.xcassets */ = {isa = PBXFileReference; lastKnownFileType = folder.assetcatalog; path = Assets.xcassets; sourceTree = "<group>"; };
		EA71FCB52628E46000AEC5C5 /* Base */ = {isa = PBXFileReference; lastKnownFileType = file.storyboard; name = Base; path = Base.lproj/LaunchScreen.storyboard; sourceTree = "<group>"; };
		EA71FCB72628E46000AEC5C5 /* Info.plist */ = {isa = PBXFileReference; lastKnownFileType = text.plist.xml; path = Info.plist; sourceTree = "<group>"; };
		EA71FCBC2628E46100AEC5C5 /* ShortestRouteTests.xctest */ = {isa = PBXFileReference; explicitFileType = wrapper.cfbundle; includeInIndex = 0; path = ShortestRouteTests.xctest; sourceTree = BUILT_PRODUCTS_DIR; };
		EA71FCC02628E46100AEC5C5 /* ShortestRouteTests.swift */ = {isa = PBXFileReference; lastKnownFileType = sourcecode.swift; path = ShortestRouteTests.swift; sourceTree = "<group>"; };
		EA71FCC22628E46100AEC5C5 /* Info.plist */ = {isa = PBXFileReference; lastKnownFileType = text.plist.xml; path = Info.plist; sourceTree = "<group>"; };
		EA71FCC72628E46100AEC5C5 /* ShortestRouteUITests.xctest */ = {isa = PBXFileReference; explicitFileType = wrapper.cfbundle; includeInIndex = 0; path = ShortestRouteUITests.xctest; sourceTree = BUILT_PRODUCTS_DIR; };
		EA71FCCB2628E46100AEC5C5 /* ShortestRouteUITests.swift */ = {isa = PBXFileReference; lastKnownFileType = sourcecode.swift; path = ShortestRouteUITests.swift; sourceTree = "<group>"; };
		EA71FCCD2628E46100AEC5C5 /* Info.plist */ = {isa = PBXFileReference; lastKnownFileType = text.plist.xml; path = Info.plist; sourceTree = "<group>"; };
/* End PBXFileReference section */

/* Begin PBXFrameworksBuildPhase section */
		EA71FCA32628E45F00AEC5C5 /* Frameworks */ = {
			isa = PBXFrameworksBuildPhase;
			buildActionMask = 2147483647;
			files = (
			);
			runOnlyForDeploymentPostprocessing = 0;
		};
		EA71FCB92628E46100AEC5C5 /* Frameworks */ = {
			isa = PBXFrameworksBuildPhase;
			buildActionMask = 2147483647;
			files = (
			);
			runOnlyForDeploymentPostprocessing = 0;
		};
		EA71FCC42628E46100AEC5C5 /* Frameworks */ = {
			isa = PBXFrameworksBuildPhase;
			buildActionMask = 2147483647;
			files = (
			);
			runOnlyForDeploymentPostprocessing = 0;
		};
/* End PBXFrameworksBuildPhase section */

/* Begin PBXGroup section */
		EA71FC9D2628E45F00AEC5C5 = {
			isa = PBXGroup;
			children = (
				EA71FCA82628E45F00AEC5C5 /* ShortestRoute */,
				EA71FCBF2628E46100AEC5C5 /* ShortestRouteTests */,
				EA71FCCA2628E46100AEC5C5 /* ShortestRouteUITests */,
				EA71FCA72628E45F00AEC5C5 /* Products */,
			);
			sourceTree = "<group>";
		};
		EA71FCA72628E45F00AEC5C5 /* Products */ = {
			isa = PBXGroup;
			children = (
				EA71FCA62628E45F00AEC5C5 /* ShortestRoute.app */,
				EA71FCBC2628E46100AEC5C5 /* ShortestRouteTests.xctest */,
				EA71FCC72628E46100AEC5C5 /* ShortestRouteUITests.xctest */,
			);
			name = Products;
			sourceTree = "<group>";
		};
		EA71FCA82628E45F00AEC5C5 /* ShortestRoute */ = {
			isa = PBXGroup;
			children = (
				EA71FCA92628E45F00AEC5C5 /* AppDelegate.swift */,
				EA71FCAD2628E45F00AEC5C5 /* ViewController.swift */,
				EA71FCB22628E46000AEC5C5 /* Assets.xcassets */,
				EA71FCB42628E46000AEC5C5 /* LaunchScreen.storyboard */,
				EA71FCB72628E46000AEC5C5 /* Info.plist */,
			);
			path = ShortestRoute;
			sourceTree = "<group>";
		};
		EA71FCBF2628E46100AEC5C5 /* ShortestRouteTests */ = {
			isa = PBXGroup;
			children = (
				EA71FCC02628E46100AEC5C5 /* ShortestRouteTests.swift */,
				EA71FCC22628E46100AEC5C5 /* Info.plist */,
			);
			path = ShortestRouteTests;
			sourceTree = "<group>";
		};
		EA71FCCA2628E46100AEC5C5 /* ShortestRouteUITests */ = {
			isa = PBXGroup;
			children = (
				EA71FCCB2628E46100AEC5C5 /* ShortestRouteUITests.swift */,
				EA71FCCD2628E46100AEC5C5 /* Info.plist */,
			);
			path = ShortestRouteUITests;
			sourceTree = "<group>";
		};
/* End PBXGroup section */

/* Begin PBXNativeTarget section */
		EA71FCA52628E45F00AEC5C5 /* ShortestRoute */ = {
			isa = PBXNativeTarget;
			buildConfigurationList = EA71FCD02628E46100AEC5C5 /* Build configuration list for PBXNativeTarget "ShortestRoute" */;
			buildPhases = (
				EA71FCA22628E45F00AEC5C5 /* Sources */,
				EA71FCA32628E45F00AEC5C5 /* Frameworks */,
				EA71FCA42628E45F00AEC5C5 /* Resources */,
			);
			buildRules = (
			);
			dependencies = (
			);
			name = ShortestRoute;
			productName = ShortestRoute;
			productReference = EA71FCA62628E45F00AEC5C5 /* ShortestRoute.app */;
			productType = "com.apple.product-type.application";
		};
		EA71FCBB2628E46100AEC5C5 /* ShortestRouteTests */ = {
			isa = PBXNativeTarget;
			buildConfigurationList = EA71FCD32628E46100AEC5C5 /* Build configuration list for PBXNativeTarget "ShortestRouteTests" */;
			buildPhases = (
				EA71FCB82628E46100AEC5C5 /* Sources */,
				EA71FCB92628E46100AEC5C5 /* Frameworks */,
				EA71FCBA2628E46100AEC5C5 /* Resources */,
			);
			buildRules = (
			);
			dependencies = (
				EA71FCBE2628E46100AEC5C5 /* PBXTargetDependency */,
			);
			name = ShortestRouteTests;
			productName = ShortestRouteTests;
			productReference = EA71FCBC2628E46100AEC5C5 /* ShortestRouteTests.xctest */;
			productType = "com.apple.product-type.bundle.unit-test";
		};
		EA71FCC62628E46100AEC5C5 /* ShortestRouteUITests */ = {
			isa = PBXNativeTarget;
			buildConfigurationList = EA71FCD62628E46100AEC5C5 /* Build configuration list for PBXNativeTarget "ShortestRouteUITests" */;
			buildPhases = (
				EA71FCC32628E46100AEC5C5 /* Sources */,
				EA71FCC42628E46100AEC5C5 /* Frameworks */,
				EA71FCC52628E46100AEC5C5 /* Resources */,
			);
			buildRules = (
			);
			dependencies = (
				EA71FCC92628E46100AEC5C5 /* PBXTargetDependency */,
			);
			name = ShortestRouteUITests;
			productName = ShortestRouteUITests;
			productReference = EA71FCC72628E46100AEC5C5 /* ShortestRouteUITests.xctest */;
			productType = "com.apple.product-type.bundle.ui-testing";
		};
/* End PBXNativeTarget section */

/* Begin PBXProject section */
		EA71FC9E2628E45F00AEC5C5 /* Project object */ = {
			isa = PBXProject;
			attributes = {
				LastSwiftUpdateCheck = 1240;
				LastUpgradeCheck = 1240;
				TargetAttributes = {
					EA71FCA52628E45F00AEC5C5 = {
						CreatedOnToolsVersion = 12.4;
					};
					EA71FCBB2628E46100AEC5C5 = {
						CreatedOnToolsVersion = 12.4;
						TestTargetID = EA71FCA52628E45F00AEC5C5;
					};
					EA71FCC62628E46100AEC5C5 = {
						CreatedOnToolsVersion = 12.4;
						TestTargetID = EA71FCA52628E45F00AEC5C5;
					};
				};
			};
			buildConfigurationList = EA71FCA12628E45F00AEC5C5 /* Build configuration list for PBXProject "ShortestRoute" */;
			compatibilityVersion = "Xcode 9.3";
			developmentRegion = en;
			hasScannedForEncodings = 0;
			knownRegions = (
				en,
				Base,
			);
			mainGroup = EA71FC9D2628E45F00AEC5C5;
			productRefGroup = EA71FCA72628E45F00AEC5C5 /* Products */;
			projectDirPath = "";
			projectRoot = "";
			targets = (
				EA71FCA52628E45F00AEC5C5 /* ShortestRoute */,
				EA71FCBB2628E46100AEC5C5 /* ShortestRouteTests */,
				EA71FCC62628E46100AEC5C5 /* ShortestRouteUITests */,
			);
		};
/* End PBXProject section */

/* Begin PBXResourcesBuildPhase section */
		EA71FCA42628E45F00AEC5C5 /* Resources */ = {
			isa = PBXResourcesBuildPhase;
			buildActionMask = 2147483647;
			files = (
				EA71FCB62628E46000AEC5C5 /* LaunchScreen.storyboard in Resources */,
				EA71FCB32628E46000AEC5C5 /* Assets.xcassets in Resources */,
			);
			runOnlyForDeploymentPostprocessing = 0;
		};
		EA71FCBA2628E46100AEC5C5 /* Resources */ = {
			isa = PBXResourcesBuildPhase;
			buildActionMask = 2147483647;
			files = (
			);
			runOnlyForDeploymentPostprocessing = 0;
		};
		EA71FCC52628E46100AEC5C5 /* Resources */ = {
			isa = PBXResourcesBuildPhase;
			buildActionMask = 2147483647;
			files = (
			);
			runOnlyForDeploymentPostprocessing = 0;
		};
/* End PBXResourcesBuildPhase section */

/* Begin PBXSourcesBuildPhase section */
		EA71FCA22628E45F00AEC5C5 /* Sources */ = {
			isa = PBXSourcesBuildPhase;
			buildActionMask = 2147483647;
			files = (
				EA71FCAE2628E45F00AEC5C5 /* ViewController.swift in Sources */,
				EA71FCAA2628E45F00AEC5C5 /* AppDelegate.swift in Sources */,
			);
			runOnlyForDeploymentPostprocessing = 0;
		};
		EA71FCB82628E46100AEC5C5 /* Sources */ = {
			isa = PBXSourcesBuildPhase;
			buildActionMask = 2147483647;
			files = (
				EA71FCC12628E46100AEC5C5 /* ShortestRouteTests.swift in Sources */,
			);
			runOnlyForDeploymentPostprocessing = 0;
		};
		EA71FCC32628E46100AEC5C5 /* Sources */ = {
			isa = PBXSourcesBuildPhase;
			buildActionMask = 2147483647;
			files = (
				EA71FCCC2628E46100AEC5C5 /* ShortestRouteUITests.swift in Sources */,
			);
			runOnlyForDeploymentPostprocessing = 0;
		};
/* End PBXSourcesBuildPhase section */

/* Begin PBXTargetDependency section */
		EA71FCBE2628E46100AEC5C5 /* PBXTargetDependency */ = {
			isa = PBXTargetDependency;
			target = EA71FCA52628E45F00AEC5C5 /* ShortestRoute */;
			targetProxy = EA71FCBD2628E46100AEC5C5 /* PBXContainerItemProxy */;
		};
		EA71FCC92628E46100AEC5C5 /* PBXTargetDependency */ = {
			isa = PBXTargetDependency;
			target = EA71FCA52628E45F00AEC5C5 /* ShortestRoute */;
			targetProxy = EA71FCC82628E46100AEC5C5 /* PBXContainerItemProxy */;
		};
/* End PBXTargetDependency section */

/* Begin PBXVariantGroup section */
		EA71FCB42628E46000AEC5C5 /* LaunchScreen.storyboard */ = {
			isa = PBXVariantGroup;
			children = (
				EA71FCB52628E46000AEC5C5 /* Base */,
			);
			name = LaunchScreen.storyboard;
			sourceTree = "<group>";
		};
/* End PBXVariantGroup section */

/* Begin XCBuildConfiguration section */
		EA71FCCE2628E46100AEC5C5 /* Debug */ = {
			isa = XCBuildConfiguration;
			buildSettings = {
				ALWAYS_SEARCH_USER_PATHS = NO;
				CLANG_ANALYZER_NONNULL = YES;
				CLANG_ANALYZER_NUMBER_OBJECT_CONVERSION = YES_AGGRESSIVE;
				CLANG_CXX_LANGUAGE_STANDARD = "gnu++14";
				CLANG_CXX_LIBRARY = "libc++";
				CLANG_ENABLE_MODULES = YES;
				CLANG_ENABLE_OBJC_ARC = YES;
				CLANG_ENABLE_OBJC_WEAK = YES;
				CLANG_WARN_BLOCK_CAPTURE_AUTORELEASING = YES;
				CLANG_WARN_BOOL_CONVERSION = YES;
				CLANG_WARN_COMMA = YES;
				CLANG_WARN_CONSTANT_CONVERSION = YES;
				CLANG_WARN_DEPRECATED_OBJC_IMPLEMENTATIONS = YES;
				CLANG_WARN_DIRECT_OBJC_ISA_USAGE = YES_ERROR;
				CLANG_WARN_DOCUMENTATION_COMMENTS = YES;
				CLANG_WARN_EMPTY_BODY = YES;
				CLANG_WARN_ENUM_CONVERSION = YES;
				CLANG_WARN_INFINITE_RECURSION = YES;
				CLANG_WARN_INT_CONVERSION = YES;
				CLANG_WARN_NON_LITERAL_NULL_CONVERSION = YES;
				CLANG_WARN_OBJC_IMPLICIT_RETAIN_SELF = YES;
				CLANG_WARN_OBJC_LITERAL_CONVERSION = YES;
				CLANG_WARN_OBJC_ROOT_CLASS = YES_ERROR;
				CLANG_WARN_QUOTED_INCLUDE_IN_FRAMEWORK_HEADER = YES;
				CLANG_WARN_RANGE_LOOP_ANALYSIS = YES;
				CLANG_WARN_STRICT_PROTOTYPES = YES;
				CLANG_WARN_SUSPICIOUS_MOVE = YES;
				CLANG_WARN_UNGUARDED_AVAILABILITY = YES_AGGRESSIVE;
				CLANG_WARN_UNREACHABLE_CODE = YES;
				CLANG_WARN__DUPLICATE_METHOD_MATCH = YES;
				COPY_PHASE_STRIP = NO;
				DEBUG_INFORMATION_FORMAT = dwarf;
				ENABLE_STRICT_OBJC_MSGSEND = YES;
				ENABLE_TESTABILITY = YES;
				GCC_C_LANGUAGE_STANDARD = gnu11;
				GCC_DYNAMIC_NO_PIC = NO;
				GCC_NO_COMMON_BLOCKS = YES;
				GCC_OPTIMIZATION_LEVEL = 0;
				GCC_PREPROCESSOR_DEFINITIONS = (
					"DEBUG=1",
					"$(inherited)",
				);
				GCC_WARN_64_TO_32_BIT_CONVERSION = YES;
				GCC_WARN_ABOUT_RETURN_TYPE = YES_ERROR;
				GCC_WARN_UNDECLARED_SELECTOR = YES;
				GCC_WARN_UNINITIALIZED_AUTOS = YES_AGGRESSIVE;
				GCC_WARN_UNUSED_FUNCTION = YES;
				GCC_WARN_UNUSED_VARIABLE = YES;
				IPHONEOS_DEPLOYMENT_TARGET = 14.4;
				MTL_ENABLE_DEBUG_INFO = INCLUDE_SOURCE;
				MTL_FAST_MATH = YES;
				ONLY_ACTIVE_ARCH = YES;
				SDKROOT = iphoneos;
				SWIFT_ACTIVE_COMPILATION_CONDITIONS = DEBUG;
				SWIFT_OPTIMIZATION_LEVEL = "-Onone";
			};
			name = Debug;
		};
		EA71FCCF2628E46100AEC5C5 /* Release */ = {
			isa = XCBuildConfiguration;
			buildSettings = {
				ALWAYS_SEARCH_USER_PATHS = NO;
				CLANG_ANALYZER_NONNULL = YES;
				CLANG_ANALYZER_NUMBER_OBJECT_CONVERSION = YES_AGGRESSIVE;
				CLANG_CXX_LANGUAGE_STANDARD = "gnu++14";
				CLANG_CXX_LIBRARY = "libc++";
				CLANG_ENABLE_MODULES = YES;
				CLANG_ENABLE_OBJC_ARC = YES;
				CLANG_ENABLE_OBJC_WEAK = YES;
				CLANG_WARN_BLOCK_CAPTURE_AUTORELEASING = YES;
				CLANG_WARN_BOOL_CONVERSION = YES;
				CLANG_WARN_COMMA = YES;
				CLANG_WARN_CONSTANT_CONVERSION = YES;
				CLANG_WARN_DEPRECATED_OBJC_IMPLEMENTATIONS = YES;
				CLANG_WARN_DIRECT_OBJC_ISA_USAGE = YES_ERROR;
				CLANG_WARN_DOCUMENTATION_COMMENTS = YES;
				CLANG_WARN_EMPTY_BODY = YES;
				CLANG_WARN_ENUM_CONVERSION = YES;
				CLANG_WARN_INFINITE_RECURSION = YES;
				CLANG_WARN_INT_CONVERSION = YES;
				CLANG_WARN_NON_LITERAL_NULL_CONVERSION = YES;
				CLANG_WARN_OBJC_IMPLICIT_RETAIN_SELF = YES;
				CLANG_WARN_OBJC_LITERAL_CONVERSION = YES;
				CLANG_WARN_OBJC_ROOT_CLASS = YES_ERROR;
				CLANG_WARN_QUOTED_INCLUDE_IN_FRAMEWORK_HEADER = YES;
				CLANG_WARN_RANGE_LOOP_ANALYSIS = YES;
				CLANG_WARN_STRICT_PROTOTYPES = YES;
				CLANG_WARN_SUSPICIOUS_MOVE = YES;
				CLANG_WARN_UNGUARDED_AVAILABILITY = YES_AGGRESSIVE;
				CLANG_WARN_UNREACHABLE_CODE = YES;
				CLANG_WARN__DUPLICATE_METHOD_MATCH = YES;
				COPY_PHASE_STRIP = NO;
				DEBUG_INFORMATION_FORMAT = "dwarf-with-dsym";
				ENABLE_NS_ASSERTIONS = NO;
				ENABLE_STRICT_OBJC_MSGSEND = YES;
				GCC_C_LANGUAGE_STANDARD = gnu11;
				GCC_NO_COMMON_BLOCKS = YES;
				GCC_WARN_64_TO_32_BIT_CONVERSION = YES;
				GCC_WARN_ABOUT_RETURN_TYPE = YES_ERROR;
				GCC_WARN_UNDECLARED_SELECTOR = YES;
				GCC_WARN_UNINITIALIZED_AUTOS = YES_AGGRESSIVE;
				GCC_WARN_UNUSED_FUNCTION = YES;
				GCC_WARN_UNUSED_VARIABLE = YES;
				IPHONEOS_DEPLOYMENT_TARGET = 14.4;
				MTL_ENABLE_DEBUG_INFO = NO;
				MTL_FAST_MATH = YES;
				SDKROOT = iphoneos;
				SWIFT_COMPILATION_MODE = wholemodule;
				SWIFT_OPTIMIZATION_LEVEL = "-O";
				VALIDATE_PRODUCT = YES;
			};
			name = Release;
		};
		EA71FCD12628E46100AEC5C5 /* Debug */ = {
			isa = XCBuildConfiguration;
			buildSettings = {
				ASSETCATALOG_COMPILER_APPICON_NAME = AppIcon;
				ASSETCATALOG_COMPILER_GLOBAL_ACCENT_COLOR_NAME = AccentColor;
				CODE_SIGN_STYLE = Automatic;
				INFOPLIST_FILE = ShortestRoute/Info.plist;
				LD_RUNPATH_SEARCH_PATHS = (
					"$(inherited)",
					"@executable_path/Frameworks",
				);
				PRODUCT_BUNDLE_IDENTIFIER = IsaikinSergei.ShortestRoute;
				PRODUCT_NAME = "$(TARGET_NAME)";
				SWIFT_VERSION = 5.0;
				TARGETED_DEVICE_FAMILY = "1,2";
			};
			name = Debug;
		};
		EA71FCD22628E46100AEC5C5 /* Release */ = {
			isa = XCBuildConfiguration;
			buildSettings = {
				ASSETCATALOG_COMPILER_APPICON_NAME = AppIcon;
				ASSETCATALOG_COMPILER_GLOBAL_ACCENT_COLOR_NAME = AccentColor;
				CODE_SIGN_STYLE = Automatic;
				INFOPLIST_FILE = ShortestRoute/Info.plist;
				LD_RUNPATH_SEARCH_PATHS = (
					"$(inherited)",
					"@executable_path/Frameworks",
				);
				PRODUCT_BUNDLE_IDENTIFIER = IsaikinSergei.ShortestRoute;
				PRODUCT_NAME = "$(TARGET_NAME)";
				SWIFT_VERSION = 5.0;
				TARGETED_DEVICE_FAMILY = "1,2";
			};
			name = Release;
		};
		EA71FCD42628E46100AEC5C5 /* Debug */ = {
			isa = XCBuildConfiguration;
			buildSettings = {
				ALWAYS_EMBED_SWIFT_STANDARD_LIBRARIES = YES;
				BUNDLE_LOADER = "$(TEST_HOST)";
				CODE_SIGN_STYLE = Automatic;
				INFOPLIST_FILE = ShortestRouteTests/Info.plist;
				IPHONEOS_DEPLOYMENT_TARGET = 14.4;
				LD_RUNPATH_SEARCH_PATHS = (
					"$(inherited)",
					"@executable_path/Frameworks",
					"@loader_path/Frameworks",
				);
				PRODUCT_BUNDLE_IDENTIFIER = IsaikinSergei.ShortestRouteTests;
				PRODUCT_NAME = "$(TARGET_NAME)";
				SWIFT_VERSION = 5.0;
				TARGETED_DEVICE_FAMILY = "1,2";
				TEST_HOST = "$(BUILT_PRODUCTS_DIR)/ShortestRoute.app/ShortestRoute";
			};
			name = Debug;
		};
		EA71FCD52628E46100AEC5C5 /* Release */ = {
			isa = XCBuildConfiguration;
			buildSettings = {
				ALWAYS_EMBED_SWIFT_STANDARD_LIBRARIES = YES;
				BUNDLE_LOADER = "$(TEST_HOST)";
				CODE_SIGN_STYLE = Automatic;
				INFOPLIST_FILE = ShortestRouteTests/Info.plist;
				IPHONEOS_DEPLOYMENT_TARGET = 14.4;
				LD_RUNPATH_SEARCH_PATHS = (
					"$(inherited)",
					"@executable_path/Frameworks",
					"@loader_path/Frameworks",
				);
				PRODUCT_BUNDLE_IDENTIFIER = IsaikinSergei.ShortestRouteTests;
				PRODUCT_NAME = "$(TARGET_NAME)";
				SWIFT_VERSION = 5.0;
				TARGETED_DEVICE_FAMILY = "1,2";
				TEST_HOST = "$(BUILT_PRODUCTS_DIR)/ShortestRoute.app/ShortestRoute";
			};
			name = Release;
		};
		EA71FCD72628E46100AEC5C5 /* Debug */ = {
			isa = XCBuildConfiguration;
			buildSettings = {
				ALWAYS_EMBED_SWIFT_STANDARD_LIBRARIES = YES;
				CODE_SIGN_STYLE = Automatic;
				INFOPLIST_FILE = ShortestRouteUITests/Info.plist;
				LD_RUNPATH_SEARCH_PATHS = (
					"$(inherited)",
					"@executable_path/Frameworks",
					"@loader_path/Frameworks",
				);
				PRODUCT_BUNDLE_IDENTIFIER = IsaikinSergei.ShortestRouteUITests;
				PRODUCT_NAME = "$(TARGET_NAME)";
				SWIFT_VERSION = 5.0;
				TARGETED_DEVICE_FAMILY = "1,2";
				TEST_TARGET_NAME = ShortestRoute;
			};
			name = Debug;
		};
		EA71FCD82628E46100AEC5C5 /* Release */ = {
			isa = XCBuildConfiguration;
			buildSettings = {
				ALWAYS_EMBED_SWIFT_STANDARD_LIBRARIES = YES;
				CODE_SIGN_STYLE = Automatic;
				INFOPLIST_FILE = ShortestRouteUITests/Info.plist;
				LD_RUNPATH_SEARCH_PATHS = (
					"$(inherited)",
					"@executable_path/Frameworks",
					"@loader_path/Frameworks",
				);
				PRODUCT_BUNDLE_IDENTIFIER = IsaikinSergei.ShortestRouteUITests;
				PRODUCT_NAME = "$(TARGET_NAME)";
				SWIFT_VERSION = 5.0;
				TARGETED_DEVICE_FAMILY = "1,2";
				TEST_TARGET_NAME = ShortestRoute;
			};
			name = Release;
		};
/* End XCBuildConfiguration section */

/* Begin XCConfigurationList section */
		EA71FCA12628E45F00AEC5C5 /* Build configuration list for PBXProject "ShortestRoute" */ = {
			isa = XCConfigurationList;
			buildConfigurations = (
				EA71FCCE2628E46100AEC5C5 /* Debug */,
				EA71FCCF2628E46100AEC5C5 /* Release */,
			);
			defaultConfigurationIsVisible = 0;
			defaultConfigurationName = Release;
		};
		EA71FCD02628E46100AEC5C5 /* Build configuration list for PBXNativeTarget "ShortestRoute" */ = {
			isa = XCConfigurationList;
			buildConfigurations = (
				EA71FCD12628E46100AEC5C5 /* Debug */,
				EA71FCD22628E46100AEC5C5 /* Release */,
			);
			defaultConfigurationIsVisible = 0;
			defaultConfigurationName = Release;
		};
		EA71FCD32628E46100AEC5C5 /* Build configuration list for PBXNativeTarget "ShortestRouteTests" */ = {
			isa = XCConfigurationList;
			buildConfigurations = (
				EA71FCD42628E46100AEC5C5 /* Debug */,
				EA71FCD52628E46100AEC5C5 /* Release */,
			);
			defaultConfigurationIsVisible = 0;
			defaultConfigurationName = Release;
		};
		EA71FCD62628E46100AEC5C5 /* Build configuration list for PBXNativeTarget "ShortestRouteUITests" */ = {
			isa = XCConfigurationList;
			buildConfigurations = (
				EA71FCD72628E46100AEC5C5 /* Debug */,
				EA71FCD82628E46100AEC5C5 /* Release */,
			);
			defaultConfigurationIsVisible = 0;
			defaultConfigurationName = Release;
		};
/* End XCConfigurationList section */
	};
	rootObject = EA71FC9E2628E45F00AEC5C5 /* Project object */;
}
